
Microsoft Visual Studio Solution File, Format Version 12.00
# Visual Studio Version 17
VisualStudioVersion = 17.3.32929.385
MinimumVisualStudioVersion = 10.0.40219.1
Project("{9A19103F-16F7-4668-BE54-9A1E7A4F7556}") = "DataMapping.Rest", "DataMapping.Rest\DataMapping.Rest.csproj", "{46062825-A8D9-41D6-B11D-842AD66894B6}"
EndProject
Project("{9A19103F-16F7-4668-BE54-9A1E7A4F7556}") = "DataMapping.Models", "DataMapping.Models\DataMapping.Models.csproj", "{0AAB92E6-8F90-432A-A66D-35F81C9801DF}"
EndProject
Project("{FAE04EC0-301F-11D3-BF4B-00C04F79EFBC}") = "DataMapping.Mediator", "DataMapping.Mediator\DataMapping.Mediator.csproj", "{F32F484F-0348-4D92-BBBB-06E93DDEA5E0}"
EndProject
Global
	GlobalSection(SolutionConfigurationPlatforms) = preSolution
		Debug|Any CPU = Debug|Any CPU
		Release|Any CPU = Release|Any CPU
	EndGlobalSection
	GlobalSection(ProjectConfigurationPlatforms) = postSolution
		{46062825-A8D9-41D6-B11D-842AD66894B6}.Debug|Any CPU.ActiveCfg = Debug|Any CPU
		{46062825-A8D9-41D6-B11D-842AD66894B6}.Debug|Any CPU.Build.0 = Debug|Any CPU
		{46062825-A8D9-41D6-B11D-842AD66894B6}.Release|Any CPU.ActiveCfg = Release|Any CPU
		{46062825-A8D9-41D6-B11D-842AD66894B6}.Release|Any CPU.Build.0 = Release|Any CPU
		{0AAB92E6-8F90-432A-A66D-35F81C9801DF}.Debug|Any CPU.ActiveCfg = Debug|Any CPU
		{0AAB92E6-8F90-432A-A66D-35F81C9801DF}.Debug|Any CPU.Build.0 = Debug|Any CPU
		{0AAB92E6-8F90-432A-A66D-35F81C9801DF}.Release|Any CPU.ActiveCfg = Release|Any CPU
		{0AAB92E6-8F90-432A-A66D-35F81C9801DF}.Release|Any CPU.Build.0 = Release|Any CPU
		{F32F484F-0348-4D92-BBBB-06E93DDEA5E0}.Debug|Any CPU.ActiveCfg = Debug|Any CPU
		{F32F484F-0348-4D92-BBBB-06E93DDEA5E0}.Debug|Any CPU.Build.0 = Debug|Any CPU
		{F32F484F-0348-4D92-BBBB-06E93DDEA5E0}.Release|Any CPU.ActiveCfg = Release|Any CPU
		{F32F484F-0348-4D92-BBBB-06E93DDEA5E0}.Release|Any CPU.Build.0 = Release|Any CPU
	EndGlobalSection
	GlobalSection(SolutionProperties) = preSolution
		HideSolutionNode = FALSE
	EndGlobalSection
	GlobalSection(ExtensibilityGlobals) = postSolution
		SolutionGuid = {F82287A4-0C7C-48FF-8C09-BA4F8BEBC4BE}
	EndGlobalSection
EndGlobal
